
Microsoft Visual Studio Solution File, Format Version 12.00
# Visual Studio Version 16
VisualStudioVersion = 16.0.31515.178
MinimumVisualStudioVersion = 10.0.40219.1
Project("{FAE04EC0-301F-11D3-BF4B-00C04F79EFBC}") = "quiz", "quiz\quiz.csproj", "{AA26DAE6-59E1-4AA4-BFFF-F1D91F721B79}"
EndProject
Global
	GlobalSection(SolutionConfigurationPlatforms) = preSolution
		Debug|Any CPU = Debug|Any CPU
		Release|Any CPU = Release|Any CPU
	EndGlobalSection
	GlobalSection(ProjectConfigurationPlatforms) = postSolution
		{AA26DAE6-59E1-4AA4-BFFF-F1D91F721B79}.Debug|Any CPU.ActiveCfg = Debug|Any CPU
		{AA26DAE6-59E1-4AA4-BFFF-F1D91F721B79}.Debug|Any CPU.Build.0 = Debug|Any CPU
		{AA26DAE6-59E1-4AA4-BFFF-F1D91F721B79}.Release|Any CPU.ActiveCfg = Release|Any CPU
		{AA26DAE6-59E1-4AA4-BFFF-F1D91F721B79}.Release|Any CPU.Build.0 = Release|Any CPU
	EndGlobalSection
	GlobalSection(SolutionProperties) = preSolution
		HideSolutionNode = FALSE
	EndGlobalSection
	GlobalSection(ExtensibilityGlobals) = postSolution
		SolutionGuid = {BE81EB21-31F8-47BE-BE50-A391CC2D5F91}
	EndGlobalSection
EndGlobal
